schema: '2.0'
stages:
  prepare:
    cmd: python src/data_prep.py
    deps:
    - path: data/raw/telco_churn.csv
      hash: md5
      md5: 006527876bfe18c977d74eb4bc59443f
      size: 873370
    - path: src/data_prep.py
      hash: md5
      md5: 7fadb937fcc217041ac15ab99f6ae454
      size: 1530
    outs:
    - path: data/processed/telco_churn_ok.csv
      hash: md5
      md5: 45802665c53098c39dc14d840bbeabc1
      size: 843399
  train:
    cmd: python src/train.py
    deps:
    - path: data/processed/telco_churn_ok.csv
      hash: md5
      md5: 45802665c53098c39dc14d840bbeabc1
      size: 843399
    - path: params.yaml
      hash: md5
      md5: b80b4c5bc5c38af718d80269394633cb
      size: 1019
    - path: src/train.py
      hash: md5
      md5: b2cf8b1e043fa2ebd17d42836c5eb9f8
      size: 7703
    params:
      params.yaml:
        train:
          lr_params:
            C: 1.0
            max_iter: 200
            solver: lbfgs
          rf_params:
            n_estimators: 200
            max_depth: 10
            random_state: 42
    outs:
    - path: models/LogisticRegression_pipeline.pkl
      hash: md5
      md5: 78cb9ef5987cf3db9a42479850905843
      size: 163379
    - path: models/RandomForest_pipeline.pkl
      hash: md5
      md5: 1eabdae1191673f05e1fc4d5a9b37373
      size: 812376
    - path: models/metrics.json
      hash: md5
      md5: 1d631501d469c51c8535771da7916e32
      size: 297
