schema: '2.0'
stages:
  prepare:
    cmd: python src/data_prep.py
    deps:
    - path: data/raw/telco_churn.csv
      hash: md5
      md5: 006527876bfe18c977d74eb4bc59443f
      size: 873370
    - path: src/data_prep.py
      hash: md5
      md5: 7fadb937fcc217041ac15ab99f6ae454
      size: 1530
    outs:
    - path: data/processed/telco_churn_ok.csv
      hash: md5
      md5: 45802665c53098c39dc14d840bbeabc1
      size: 843399
  train:
    cmd: python src/train.py
    deps:
    - path: data/processed/telco_churn_ok.csv
      hash: md5
      md5: 45802665c53098c39dc14d840bbeabc1
      size: 843399
    - path: params.yaml
      hash: md5
      md5: 0e87ce621c259095a9afa04348a35b6d
      size: 1104
    - path: src/train.py
      hash: md5
      md5: 44527beb84eef5b75d9e5d80b50d18ba
      size: 7721
    params:
      params.yaml:
        train:
          lr_params:
            C: 0.1
            max_iter: 200
            solver: lbfgs
            class_weight: balanced
          rf_params: {}
    outs:
    - path: models/LogisticRegression_pipeline.pkl
      hash: md5
      md5: 2beffa5cd971b515a134f73ea9e8e8fb
      size: 163389
    - path: models/RandomForest_pipeline.pkl
      hash: md5
      md5: f91292128527c46d51def9776067d15f
      size: 53518541
    - path: models/metrics.json
      hash: md5
      md5: a74a729d635be8409d87eefbe21a7317
      size: 318
